<?xml version="1.0" encoding="UTF-8" standalone="yes" ?>
<CodeBlocks_project_file>
	<FileVersion major="1" minor="6" />
	<Project>
		<Option title="GrandOrgue" />
		<Option pch_mode="0" />
		<Option compiler="gcc" />
		<Build>
			<Target title="Debug">
				<Option output="Debug\GrandOrgue.exe" prefix_auto="0" extension_auto="0" />
				<Option object_output="Debug" />
				<Option type="0" />
				<Option compiler="gcc" />
				<Option projectLinkerOptionsRelation="2" />
				<Option projectResourceIncludeDirsRelation="0" />
				<Compiler>
					<Add option="-O" />
					<Add option="-g" />
					<Add option="-D__WXDEBUG__" />
				</Compiler>
				<Linker>
					<Add library="libwxmsw28d_html" />
					<Add library="libwxmsw28d_adv" />
					<Add library="libwxmsw28d_core" />
					<Add library="libwxbase28d" />
					<Add library="libwxzlibd" />
					<Add library="libwxjpegd" />
					<Add library="imon\SG_VFD.lib" />
				</Linker>
			</Target>
			<Target title="Release">
				<Option output="Release\GrandOrgue.exe" prefix_auto="0" extension_auto="0" />
				<Option object_output="Release" />
				<Option type="0" />
				<Option compiler="gcc" />
				<Option projectLinkerOptionsRelation="2" />
				<Option projectResourceIncludeDirsRelation="0" />
				<Compiler>
					<Add option="-mtune=pentium3" />
				</Compiler>
				<Linker>
					<Add library="libwxmsw28_html" />
					<Add library="libwxmsw28_adv" />
					<Add library="libwxmsw28_core" />
					<Add library="libwxbase28" />
					<Add library="libwxzlib" />
					<Add library="libwxjpeg" />
					<Add library="imon\SG_VFD.lib" />
				</Linker>
			</Target>
		</Build>
		<VirtualTargets>
			<Add alias="All" targets="Debug;Release;" />
		</VirtualTargets>
		<Compiler>
			<Add option="-march=nocona" />
			<Add option="-O3" />
			<Add option="-pipe" />
			<Add option="-mthreads" />
			<Add option="-ffast-math" />
			<Add option="-fomit-frame-pointer" />
			<Add option="-D__GNUWIN32__" />
			<Add option="-D__WXMSW__" />
			<Add option="-D__WINDOWS_ASIO__" />
			<Add option="-D__WINDOWS_MM__" />
			<Add option="-D__WINDOWS_DS__" />
			<Add directory="$(#wx.include)" />
			<Add directory="directx\Include" />
		</Compiler>
		<Linker>
			<Add option="-Wl,--large-address-aware" />
			<Add option="-ffast-math" />
			<Add library="winmm" />
			<Add library="comdlg32" />
			<Add library="shell32" />
			<Add library="comctl32" />
			<Add library="advapi32" />
			<Add library="ole32" />
			<Add library="dsound" />
			<Add library="oleaut32" />
			<Add library="uuid" />
			<Add directory="$(#wx.lib)\gcc_lib" />
		</Linker>
		<Unit filename="Images.cpp" />
		<Unit filename="KeyConvert.h" />
		<Unit filename="MIDIEvents.h" />
		<Unit filename="MMXSound.h" />
		<Unit filename="MyLCD.cpp" />
		<Unit filename="MyLCD.h" />
		<Unit filename="MyMeter.cpp" />
		<Unit filename="MyMeter.h" />
		<Unit filename="MyOrgan.cpp" />
		<Unit filename="MyOrgan.h" />
		<Unit filename="GrandOrgue.rc">
			<Option compilerVar="WINDRES" />
		</Unit>
		<Unit filename="MyProperties.cpp" />
		<Unit filename="MyProperties.h" />
		<Unit filename="MySound.cpp" />
		<Unit filename="MySound.h" />
		<Unit filename="MySoundCallbackAudio.h" />
		<Unit filename="MySoundCallbackMIDI.h" />
		<Unit filename="OrganDocument.cpp" />
		<Unit filename="OrganDocument.h" />
		<Unit filename="OrganFile.cpp" />
		<Unit filename="OrganFile.h" />
		<Unit filename="OrganView.cpp" />
		<Unit filename="OrganView.h" />
		<Unit filename="RtAudio.cpp" />
		<Unit filename="RtAudio.h" />
		<Unit filename="RtError.h" />
		<Unit filename="RtMidi.cpp" />
		<Unit filename="RtMidi.h" />
		<Unit filename="SettingsDialog.cpp" />
		<Unit filename="SettingsDialog.h" />
		<Unit filename="ToolbarImages.h" />
		<Unit filename="asio\asio.cpp" />
		<Unit filename="asio\asio.h" />
		<Unit filename="asio\asiodrivers.cpp" />
		<Unit filename="asio\asiodrivers.h" />
		<Unit filename="asio\asiodrvr.h" />
		<Unit filename="asio\asiolist.cpp" />
		<Unit filename="asio\asiolist.h" />
		<Unit filename="asio\asiosys.h" />
		<Unit filename="asio\ginclude.h" />
		<Unit filename="asio\iasiodrv.h" />
		<Unit filename="asio\iasiothiscallresolver.cpp" />
		<Unit filename="asio\iasiothiscallresolver.h" />
		<Unit filename="resource.h" />
		<Unit filename="wxGaugeAudio.cpp" />
		<Unit filename="wxGaugeAudio.h" />
		<Unit filename="zconf.h" />
		<Unit filename="zlib.h" />
		<Extensions>
			<code_completion />
			<envvars />
			<debugger />
		</Extensions>
	</Project>
</CodeBlocks_project_file>
